
Microsoft Visual Studio Solution File, Format Version 12.00
# Visual Studio Version 17
VisualStudioVersion = 17.14.36401.2 d17.14
MinimumVisualStudioVersion = 10.0.40219.1
Project("{FAE04EC0-301F-11D3-BF4B-00C04F79EFBC}") = "dosyaislemleri", "dosyaislemleri\dosyaislemleri.csproj", "{1D9DB8D6-5D76-4F70-81CA-161C6B85DA01}"
EndProject
Global
	GlobalSection(SolutionConfigurationPlatforms) = preSolution
		Debug|Any CPU = Debug|Any CPU
		Release|Any CPU = Release|Any CPU
	EndGlobalSection
	GlobalSection(ProjectConfigurationPlatforms) = postSolution
		{1D9DB8D6-5D76-4F70-81CA-161C6B85DA01}.Debug|Any CPU.ActiveCfg = Debug|Any CPU
		{1D9DB8D6-5D76-4F70-81CA-161C6B85DA01}.Debug|Any CPU.Build.0 = Debug|Any CPU
		{1D9DB8D6-5D76-4F70-81CA-161C6B85DA01}.Release|Any CPU.ActiveCfg = Release|Any CPU
		{1D9DB8D6-5D76-4F70-81CA-161C6B85DA01}.Release|Any CPU.Build.0 = Release|Any CPU
	EndGlobalSection
	GlobalSection(SolutionProperties) = preSolution
		HideSolutionNode = FALSE
	EndGlobalSection
	GlobalSection(ExtensibilityGlobals) = postSolution
		SolutionGuid = {0596A9ED-B94D-4305-9B13-26317F801BE1}
	EndGlobalSection
EndGlobal
